
Microsoft Visual Studio Solution File, Format Version 12.00
# Visual Studio Version 17
VisualStudioVersion = 17.3.32804.467
MinimumVisualStudioVersion = 10.0.40219.1
Project("{FAE04EC0-301F-11D3-BF4B-00C04F79EFBC}") = "PortCrawler-API", "PortCrawler-API\PortCrawler-API.csproj", "{F476C5BB-9A84-4935-9750-B58DEC08E85F}"
EndProject
Global
	GlobalSection(SolutionConfigurationPlatforms) = preSolution
		Debug|Any CPU = Debug|Any CPU
		Release|Any CPU = Release|Any CPU
	EndGlobalSection
	GlobalSection(ProjectConfigurationPlatforms) = postSolution
		{F476C5BB-9A84-4935-9750-B58DEC08E85F}.Debug|Any CPU.ActiveCfg = Debug|Any CPU
		{F476C5BB-9A84-4935-9750-B58DEC08E85F}.Debug|Any CPU.Build.0 = Debug|Any CPU
		{F476C5BB-9A84-4935-9750-B58DEC08E85F}.Release|Any CPU.ActiveCfg = Release|Any CPU
		{F476C5BB-9A84-4935-9750-B58DEC08E85F}.Release|Any CPU.Build.0 = Release|Any CPU
	EndGlobalSection
	GlobalSection(SolutionProperties) = preSolution
		HideSolutionNode = FALSE
	EndGlobalSection
	GlobalSection(ExtensibilityGlobals) = postSolution
		SolutionGuid = {84E04D74-5C82-43B9-B8D8-AC5B41849354}
	EndGlobalSection
EndGlobal
